
Microsoft Visual Studio Solution File, Format Version 12.00
# Visual Studio Version 17
VisualStudioVersion = 17.8.34330.188
MinimumVisualStudioVersion = 10.0.40219.1
Project("{FAE04EC0-301F-11D3-BF4B-00C04F79EFBC}") = "Week9", "Week9\Week9.csproj", "{A3C70120-6135-4919-8E01-7B0C541F6ECF}"
EndProject
Global
	GlobalSection(SolutionConfigurationPlatforms) = preSolution
		Debug|Any CPU = Debug|Any CPU
		Release|Any CPU = Release|Any CPU
	EndGlobalSection
	GlobalSection(ProjectConfigurationPlatforms) = postSolution
		{A3C70120-6135-4919-8E01-7B0C541F6ECF}.Debug|Any CPU.ActiveCfg = Debug|Any CPU
		{A3C70120-6135-4919-8E01-7B0C541F6ECF}.Debug|Any CPU.Build.0 = Debug|Any CPU
		{A3C70120-6135-4919-8E01-7B0C541F6ECF}.Debug|Any CPU.Deploy.0 = Debug|Any CPU
		{A3C70120-6135-4919-8E01-7B0C541F6ECF}.Release|Any CPU.ActiveCfg = Release|Any CPU
		{A3C70120-6135-4919-8E01-7B0C541F6ECF}.Release|Any CPU.Build.0 = Release|Any CPU
		{A3C70120-6135-4919-8E01-7B0C541F6ECF}.Release|Any CPU.Deploy.0 = Release|Any CPU
	EndGlobalSection
	GlobalSection(SolutionProperties) = preSolution
		HideSolutionNode = FALSE
	EndGlobalSection
	GlobalSection(ExtensibilityGlobals) = postSolution
		SolutionGuid = {E16115EC-2BC0-4A00-8199-8BEFA2CCC5F4}
	EndGlobalSection
EndGlobal
